# This file was autogenerated by uv via the following command:
#    uv pip compile --offline requirements-dev.txt -o requirements.lock
ai-edge-litert==2.1.6
    # via -r requirements.txt
backports-strenum==1.3.1
    # via ai-edge-litert
flatbuffers==25.12.19
    # via ai-edge-litert
iniconfig==2.3.0
    # via pytest
numpy==2.4.6
    # via
    #   -r requirements.txt
    #   ai-edge-litert
    #   opencv-python-headless
opencv-python-headless==5.0.0.93
    # via -r requirements.txt
packaging==26.3
    # via pytest
pluggy==1.6.0
    # via pytest
protobuf==7.36.0
    # via ai-edge-litert
pygments==2.21.0
    # via pytest
pytest==9.1.1
    # via -r requirements-dev.txt
tqdm==4.70.0
    # via ai-edge-litert
typing-extensions==4.16.0
    # via ai-edge-litert
